
Microsoft Visual Studio Solution File, Format Version 12.00
# Visual Studio Version 17
VisualStudioVersion = 17.3.32804.467
MinimumVisualStudioVersion = 10.0.40219.1
Project("{FAE04EC0-301F-11D3-BF4B-00C04F79EFBC}") = "PW1_22_6IT-OPGAVE", "PW1_22_6IT-OPGAVE\PW1_22_6IT-OPGAVE.csproj", "{FFB206CA-D90C-4168-8534-032D81FCDFE2}"
EndProject
Global
	GlobalSection(SolutionConfigurationPlatforms) = preSolution
		Debug|Any CPU = Debug|Any CPU
		Release|Any CPU = Release|Any CPU
	EndGlobalSection
	GlobalSection(ProjectConfigurationPlatforms) = postSolution
		{FFB206CA-D90C-4168-8534-032D81FCDFE2}.Debug|Any CPU.ActiveCfg = Debug|Any CPU
		{FFB206CA-D90C-4168-8534-032D81FCDFE2}.Debug|Any CPU.Build.0 = Debug|Any CPU
		{FFB206CA-D90C-4168-8534-032D81FCDFE2}.Release|Any CPU.ActiveCfg = Release|Any CPU
		{FFB206CA-D90C-4168-8534-032D81FCDFE2}.Release|Any CPU.Build.0 = Release|Any CPU
	EndGlobalSection
	GlobalSection(SolutionProperties) = preSolution
		HideSolutionNode = FALSE
	EndGlobalSection
	GlobalSection(ExtensibilityGlobals) = postSolution
		SolutionGuid = {CEC380DE-5971-41D1-AD59-59A8AE94EE89}
	EndGlobalSection
EndGlobal
